
Microsoft Visual Studio Solution File, Format Version 12.00
# Visual Studio Version 17
VisualStudioVersion = 17.12.35506.116 d17.12
MinimumVisualStudioVersion = 10.0.40219.1
Project("{FAE04EC0-301F-11D3-BF4B-00C04F79EFBC}") = "MathApp", "MathApp\MathApp.csproj", "{806DED70-6BC5-4CC1-A504-F3F5C97189DD}"
EndProject
Project("{FAE04EC0-301F-11D3-BF4B-00C04F79EFBC}") = "MathAppTests", "MathAppTests\MathAppTests.csproj", "{927B0ED4-AC93-4C82-8A5A-0E3A4C4D9D68}"
EndProject
Global
	GlobalSection(SolutionConfigurationPlatforms) = preSolution
		Debug|Any CPU = Debug|Any CPU
		Release|Any CPU = Release|Any CPU
	EndGlobalSection
	GlobalSection(ProjectConfigurationPlatforms) = postSolution
		{806DED70-6BC5-4CC1-A504-F3F5C97189DD}.Debug|Any CPU.ActiveCfg = Debug|Any CPU
		{806DED70-6BC5-4CC1-A504-F3F5C97189DD}.Debug|Any CPU.Build.0 = Debug|Any CPU
		{806DED70-6BC5-4CC1-A504-F3F5C97189DD}.Release|Any CPU.ActiveCfg = Release|Any CPU
		{806DED70-6BC5-4CC1-A504-F3F5C97189DD}.Release|Any CPU.Build.0 = Release|Any CPU
		{927B0ED4-AC93-4C82-8A5A-0E3A4C4D9D68}.Debug|Any CPU.ActiveCfg = Debug|Any CPU
		{927B0ED4-AC93-4C82-8A5A-0E3A4C4D9D68}.Debug|Any CPU.Build.0 = Debug|Any CPU
		{927B0ED4-AC93-4C82-8A5A-0E3A4C4D9D68}.Release|Any CPU.ActiveCfg = Release|Any CPU
		{927B0ED4-AC93-4C82-8A5A-0E3A4C4D9D68}.Release|Any CPU.Build.0 = Release|Any CPU
	EndGlobalSection
	GlobalSection(SolutionProperties) = preSolution
		HideSolutionNode = FALSE
	EndGlobalSection
EndGlobal
